
Microsoft Visual Studio Solution File, Format Version 12.00
# Visual Studio Version 16
VisualStudioVersion = 16.0.33927.289
MinimumVisualStudioVersion = 10.0.40219.1
Project("{2150E333-8FDC-42A3-9474-1A3956D46DE8}") = "Task0", "Task0", "{59A0B011-04D1-43F3-80D4-58DB6317567D}"
EndProject
Project("{FAE04EC0-301F-11D3-BF4B-00C04F79EFBC}") = "Tyuiu.HodakovaNA.Sprint0.Task0.V0", "Tyuiu.HodakovaNA.Sprint0.Task0.V0\Tyuiu.HodakovaNA.Sprint0.Task0.V0.csproj", "{D3039149-E80E-43C8-811B-D9B88A62FC3D}"
EndProject
Project("{2150E333-8FDC-42A3-9474-1A3956D46DE8}") = "Task1", "Task1", "{5E9AC6F5-86F9-4FBC-B32E-B0F193CA4083}"
EndProject
Project("{FAE04EC0-301F-11D3-BF4B-00C04F79EFBC}") = "Tyuiu.HodakovaNA.Sprint0.Task1.V0", "Tyuiu.HodakovaNA.Sprint0.Task1.V0\Tyuiu.HodakovaNA.Sprint0.Task1.V0.csproj", "{8967F5E6-5A9C-40FC-94AA-79023A2EF64C}"
EndProject
Project("{2150E333-8FDC-42A3-9474-1A3956D46DE8}") = "Task2", "Task2", "{3B0D8755-A232-429D-B556-2178DB47F209}"
EndProject
Project("{FAE04EC0-301F-11D3-BF4B-00C04F79EFBC}") = "Tyuiu.HodakovaNA.Sprint0.Task2.V0", "Tyuiu.HodakovaNA.Sprint0.Task2.V0\Tyuiu.HodakovaNA.Sprint0.Task2.V0.csproj", "{AA454F14-320F-4FA6-94A7-C246D2E317D0}"
EndProject
Project("{FAE04EC0-301F-11D3-BF4B-00C04F79EFBC}") = "Tyuiu.HodakovaNA.Sprint0.Task2.V0.Lib", "Tyuiu.HodakovaNA.Sprint0.Task2.V0.Lib\Tyuiu.HodakovaNA.Sprint0.Task2.V0.Lib.csproj", "{D44640F9-4C97-43F2-A2DF-9ABA69AFC0AD}"
EndProject
Project("{FAE04EC0-301F-11D3-BF4B-00C04F79EFBC}") = "Tyuiu.HodakovaNA.Sprint0.Task2.V0.Test", "Tyuiu.HodakovaNA.Sprint0.Task2.V0.Test\Tyuiu.HodakovaNA.Sprint0.Task2.V0.Test.csproj", "{8355A66D-B787-48BC-AFE7-B515FC3948C3}"
EndProject
Project("{2150E333-8FDC-42A3-9474-1A3956D46DE8}") = "Task3", "Task3", "{76BB39C3-EB23-4385-917E-4577A32CC05E}"
EndProject
Project("{FAE04EC0-301F-11D3-BF4B-00C04F79EFBC}") = "Tyuiu.HodakovaNA.Sprint0.Task3.V0", "Tyuiu.HodakovaNA.Sprint0.Task3.V0\Tyuiu.HodakovaNA.Sprint0.Task3.V0.csproj", "{7299EDAE-9D01-4233-9C3C-F9F06F565C16}"
EndProject
Project("{FAE04EC0-301F-11D3-BF4B-00C04F79EFBC}") = "Tyuiu.HodakovaNA.Sprint0.Task3.V0.Lib", "Tyuiu.HodakovaNA.Sprint0.Task3.V0.Lib\Tyuiu.HodakovaNA.Sprint0.Task3.V0.Lib.csproj", "{F4C573B1-9787-4761-A06F-0325A74D9D0C}"
EndProject
Project("{FAE04EC0-301F-11D3-BF4B-00C04F79EFBC}") = "Tyuiu.HodakovaNA.Sprint0.Task3.V0.Test", "Tyuiu.HodakovaNA.Sprint0.Task3.V0.Test\Tyuiu.HodakovaNA.Sprint0.Task3.V0.Test.csproj", "{541365B4-7170-4DC4-8127-D9F69E5D0870}"
EndProject
Project("{2150E333-8FDC-42A3-9474-1A3956D46DE8}") = "Task4", "Task4", "{A588B676-64CF-4E20-881E-F3CDB50C126B}"
EndProject
Project("{FAE04EC0-301F-11D3-BF4B-00C04F79EFBC}") = "Tyuiu.HodakovaNA.Sprint0.Task4.V0", "Tyuiu.HodakovaNA.Sprint0.Task4.V0\Tyuiu.HodakovaNA.Sprint0.Task4.V0.csproj", "{3582E0FF-E693-499F-B328-024B9408C6AA}"
EndProject
Project("{FAE04EC0-301F-11D3-BF4B-00C04F79EFBC}") = "Tyuiu.HodakovaNA.Sprint0.Task4.V0.Lib", "Tyuiu.HodakovaNA.Sprint0.Task4.V0.Lib\Tyuiu.HodakovaNA.Sprint0.Task4.V0.Lib.csproj", "{DD69F87A-0100-4FE7-B586-D985692695CD}"
EndProject
Project("{FAE04EC0-301F-11D3-BF4B-00C04F79EFBC}") = "Tyuiu.HodakovaNA.Sprint0.Task4.V0.Test", "Tyuiu.HodakovaNA.Sprint0.Task4.V0.Test\Tyuiu.HodakovaNA.Sprint0.Task4.V0.Test.csproj", "{0AAC40F1-ABBE-4B97-8FFB-9B4A4B1F7639}"
EndProject
Project("{2150E333-8FDC-42A3-9474-1A3956D46DE8}") = "Task5", "Task5", "{FC885656-24A6-4822-A306-AD34B967C237}"
EndProject
Project("{FAE04EC0-301F-11D3-BF4B-00C04F79EFBC}") = "Tyuiu.HodakovaNA.Sprint0.Task5.V0", "Tyuiu.HodakovaNA.Sprint0.Task5.V0\Tyuiu.HodakovaNA.Sprint0.Task5.V0.csproj", "{661E3615-CC1B-477D-951B-B8253DCCB644}"
EndProject
Project("{FAE04EC0-301F-11D3-BF4B-00C04F79EFBC}") = "Tyuiu.HodakovaNA.Sprint0.Task5.V0.Lib", "Tyuiu.HodakovaNA.Sprint0.Task5.V0.Lib\Tyuiu.HodakovaNA.Sprint0.Task5.V0.Lib.csproj", "{F5A2BB6C-A9C4-4E40-81B8-9311C666975E}"
EndProject
Project("{FAE04EC0-301F-11D3-BF4B-00C04F79EFBC}") = "Tyuiu.HodakovaNA.Sprint0.Task5.V0.Test", "Tyuiu.HodakovaNA.Sprint0.Task5.V0.Test\Tyuiu.HodakovaNA.Sprint0.Task5.V0.Test.csproj", "{2F2AB316-C0D8-4D58-B352-6D7F66F3B785}"
EndProject
Global
	GlobalSection(SolutionConfigurationPlatforms) = preSolution
		Debug|Any CPU = Debug|Any CPU
		Release|Any CPU = Release|Any CPU
	EndGlobalSection
	GlobalSection(ProjectConfigurationPlatforms) = postSolution
		{D3039149-E80E-43C8-811B-D9B88A62FC3D}.Debug|Any CPU.ActiveCfg = Debug|Any CPU
		{D3039149-E80E-43C8-811B-D9B88A62FC3D}.Debug|Any CPU.Build.0 = Debug|Any CPU
		{D3039149-E80E-43C8-811B-D9B88A62FC3D}.Release|Any CPU.ActiveCfg = Release|Any CPU
		{D3039149-E80E-43C8-811B-D9B88A62FC3D}.Release|Any CPU.Build.0 = Release|Any CPU
		{8967F5E6-5A9C-40FC-94AA-79023A2EF64C}.Debug|Any CPU.ActiveCfg = Debug|Any CPU
		{8967F5E6-5A9C-40FC-94AA-79023A2EF64C}.Debug|Any CPU.Build.0 = Debug|Any CPU
		{8967F5E6-5A9C-40FC-94AA-79023A2EF64C}.Release|Any CPU.ActiveCfg = Release|Any CPU
		{8967F5E6-5A9C-40FC-94AA-79023A2EF64C}.Release|Any CPU.Build.0 = Release|Any CPU
		{AA454F14-320F-4FA6-94A7-C246D2E317D0}.Debug|Any CPU.ActiveCfg = Debug|Any CPU
		{AA454F14-320F-4FA6-94A7-C246D2E317D0}.Debug|Any CPU.Build.0 = Debug|Any CPU
		{AA454F14-320F-4FA6-94A7-C246D2E317D0}.Release|Any CPU.ActiveCfg = Release|Any CPU
		{AA454F14-320F-4FA6-94A7-C246D2E317D0}.Release|Any CPU.Build.0 = Release|Any CPU
		{D44640F9-4C97-43F2-A2DF-9ABA69AFC0AD}.Debug|Any CPU.ActiveCfg = Debug|Any CPU
		{D44640F9-4C97-43F2-A2DF-9ABA69AFC0AD}.Debug|Any CPU.Build.0 = Debug|Any CPU
		{D44640F9-4C97-43F2-A2DF-9ABA69AFC0AD}.Release|Any CPU.ActiveCfg = Release|Any CPU
		{D44640F9-4C97-43F2-A2DF-9ABA69AFC0AD}.Release|Any CPU.Build.0 = Release|Any CPU
		{8355A66D-B787-48BC-AFE7-B515FC3948C3}.Debug|Any CPU.ActiveCfg = Debug|Any CPU
		{8355A66D-B787-48BC-AFE7-B515FC3948C3}.Debug|Any CPU.Build.0 = Debug|Any CPU
		{8355A66D-B787-48BC-AFE7-B515FC3948C3}.Release|Any CPU.ActiveCfg = Release|Any CPU
		{8355A66D-B787-48BC-AFE7-B515FC3948C3}.Release|Any CPU.Build.0 = Release|Any CPU
		{7299EDAE-9D01-4233-9C3C-F9F06F565C16}.Debug|Any CPU.ActiveCfg = Debug|Any CPU
		{7299EDAE-9D01-4233-9C3C-F9F06F565C16}.Debug|Any CPU.Build.0 = Debug|Any CPU
		{7299EDAE-9D01-4233-9C3C-F9F06F565C16}.Release|Any CPU.ActiveCfg = Release|Any CPU
		{7299EDAE-9D01-4233-9C3C-F9F06F565C16}.Release|Any CPU.Build.0 = Release|Any CPU
		{F4C573B1-9787-4761-A06F-0325A74D9D0C}.Debug|Any CPU.ActiveCfg = Debug|Any CPU
		{F4C573B1-9787-4761-A06F-0325A74D9D0C}.Debug|Any CPU.Build.0 = Debug|Any CPU
		{F4C573B1-9787-4761-A06F-0325A74D9D0C}.Release|Any CPU.ActiveCfg = Release|Any CPU
		{F4C573B1-9787-4761-A06F-0325A74D9D0C}.Release|Any CPU.Build.0 = Release|Any CPU
		{541365B4-7170-4DC4-8127-D9F69E5D0870}.Debug|Any CPU.ActiveCfg = Debug|Any CPU
		{541365B4-7170-4DC4-8127-D9F69E5D0870}.Debug|Any CPU.Build.0 = Debug|Any CPU
		{541365B4-7170-4DC4-8127-D9F69E5D0870}.Release|Any CPU.ActiveCfg = Release|Any CPU
		{541365B4-7170-4DC4-8127-D9F69E5D0870}.Release|Any CPU.Build.0 = Release|Any CPU
		{3582E0FF-E693-499F-B328-024B9408C6AA}.Debug|Any CPU.ActiveCfg = Debug|Any CPU
		{3582E0FF-E693-499F-B328-024B9408C6AA}.Debug|Any CPU.Build.0 = Debug|Any CPU
		{3582E0FF-E693-499F-B328-024B9408C6AA}.Release|Any CPU.ActiveCfg = Release|Any CPU
		{3582E0FF-E693-499F-B328-024B9408C6AA}.Release|Any CPU.Build.0 = Release|Any CPU
		{DD69F87A-0100-4FE7-B586-D985692695CD}.Debug|Any CPU.ActiveCfg = Debug|Any CPU
		{DD69F87A-0100-4FE7-B586-D985692695CD}.Debug|Any CPU.Build.0 = Debug|Any CPU
		{DD69F87A-0100-4FE7-B586-D985692695CD}.Release|Any CPU.ActiveCfg = Release|Any CPU
		{DD69F87A-0100-4FE7-B586-D985692695CD}.Release|Any CPU.Build.0 = Release|Any CPU
		{0AAC40F1-ABBE-4B97-8FFB-9B4A4B1F7639}.Debug|Any CPU.ActiveCfg = Debug|Any CPU
		{0AAC40F1-ABBE-4B97-8FFB-9B4A4B1F7639}.Debug|Any CPU.Build.0 = Debug|Any CPU
		{0AAC40F1-ABBE-4B97-8FFB-9B4A4B1F7639}.Release|Any CPU.ActiveCfg = Release|Any CPU
		{0AAC40F1-ABBE-4B97-8FFB-9B4A4B1F7639}.Release|Any CPU.Build.0 = Release|Any CPU
		{661E3615-CC1B-477D-951B-B8253DCCB644}.Debug|Any CPU.ActiveCfg = Debug|Any CPU
		{661E3615-CC1B-477D-951B-B8253DCCB644}.Debug|Any CPU.Build.0 = Debug|Any CPU
		{661E3615-CC1B-477D-951B-B8253DCCB644}.Release|Any CPU.ActiveCfg = Release|Any CPU
		{661E3615-CC1B-477D-951B-B8253DCCB644}.Release|Any CPU.Build.0 = Release|Any CPU
		{F5A2BB6C-A9C4-4E40-81B8-9311C666975E}.Debug|Any CPU.ActiveCfg = Debug|Any CPU
		{F5A2BB6C-A9C4-4E40-81B8-9311C666975E}.Debug|Any CPU.Build.0 = Debug|Any CPU
		{F5A2BB6C-A9C4-4E40-81B8-9311C666975E}.Release|Any CPU.ActiveCfg = Release|Any CPU
		{F5A2BB6C-A9C4-4E40-81B8-9311C666975E}.Release|Any CPU.Build.0 = Release|Any CPU
		{2F2AB316-C0D8-4D58-B352-6D7F66F3B785}.Debug|Any CPU.ActiveCfg = Debug|Any CPU
		{2F2AB316-C0D8-4D58-B352-6D7F66F3B785}.Debug|Any CPU.Build.0 = Debug|Any CPU
		{2F2AB316-C0D8-4D58-B352-6D7F66F3B785}.Release|Any CPU.ActiveCfg = Release|Any CPU
		{2F2AB316-C0D8-4D58-B352-6D7F66F3B785}.Release|Any CPU.Build.0 = Release|Any CPU
	EndGlobalSection
	GlobalSection(SolutionProperties) = preSolution
		HideSolutionNode = FALSE
	EndGlobalSection
	GlobalSection(NestedProjects) = preSolution
		{D3039149-E80E-43C8-811B-D9B88A62FC3D} = {59A0B011-04D1-43F3-80D4-58DB6317567D}
		{8967F5E6-5A9C-40FC-94AA-79023A2EF64C} = {5E9AC6F5-86F9-4FBC-B32E-B0F193CA4083}
		{AA454F14-320F-4FA6-94A7-C246D2E317D0} = {3B0D8755-A232-429D-B556-2178DB47F209}
		{D44640F9-4C97-43F2-A2DF-9ABA69AFC0AD} = {3B0D8755-A232-429D-B556-2178DB47F209}
		{8355A66D-B787-48BC-AFE7-B515FC3948C3} = {3B0D8755-A232-429D-B556-2178DB47F209}
		{7299EDAE-9D01-4233-9C3C-F9F06F565C16} = {76BB39C3-EB23-4385-917E-4577A32CC05E}
		{F4C573B1-9787-4761-A06F-0325A74D9D0C} = {76BB39C3-EB23-4385-917E-4577A32CC05E}
		{541365B4-7170-4DC4-8127-D9F69E5D0870} = {76BB39C3-EB23-4385-917E-4577A32CC05E}
		{3582E0FF-E693-499F-B328-024B9408C6AA} = {A588B676-64CF-4E20-881E-F3CDB50C126B}
		{DD69F87A-0100-4FE7-B586-D985692695CD} = {A588B676-64CF-4E20-881E-F3CDB50C126B}
		{0AAC40F1-ABBE-4B97-8FFB-9B4A4B1F7639} = {A588B676-64CF-4E20-881E-F3CDB50C126B}
		{661E3615-CC1B-477D-951B-B8253DCCB644} = {FC885656-24A6-4822-A306-AD34B967C237}
		{F5A2BB6C-A9C4-4E40-81B8-9311C666975E} = {FC885656-24A6-4822-A306-AD34B967C237}
		{2F2AB316-C0D8-4D58-B352-6D7F66F3B785} = {FC885656-24A6-4822-A306-AD34B967C237}
	EndGlobalSection
	GlobalSection(ExtensibilityGlobals) = postSolution
		SolutionGuid = {7462AD45-F5ED-4CED-A3C9-87C606803EB7}
	EndGlobalSection
EndGlobal
